
Microsoft Visual Studio Solution File, Format Version 12.00
# Visual Studio Version 16
VisualStudioVersion = 16.0.29519.87
MinimumVisualStudioVersion = 10.0.40219.1
Project("{FAE04EC0-301F-11D3-BF4B-00C04F79EFBC}") = "ExcelPasswordRecovery", "ExcelPasswordRecovery\ExcelPasswordRecovery.csproj", "{337DE3CD-A0B1-40A4-85C7-F2CB7E4A2C42}"
EndProject
Global
	GlobalSection(SolutionConfigurationPlatforms) = preSolution
		Debug|Any CPU = Debug|Any CPU
		Release|Any CPU = Release|Any CPU
	EndGlobalSection
	GlobalSection(ProjectConfigurationPlatforms) = postSolution
		{337DE3CD-A0B1-40A4-85C7-F2CB7E4A2C42}.Debug|Any CPU.ActiveCfg = Debug|Any CPU
		{337DE3CD-A0B1-40A4-85C7-F2CB7E4A2C42}.Debug|Any CPU.Build.0 = Debug|Any CPU
		{337DE3CD-A0B1-40A4-85C7-F2CB7E4A2C42}.Release|Any CPU.ActiveCfg = Release|Any CPU
		{337DE3CD-A0B1-40A4-85C7-F2CB7E4A2C42}.Release|Any CPU.Build.0 = Release|Any CPU
	EndGlobalSection
	GlobalSection(SolutionProperties) = preSolution
		HideSolutionNode = FALSE
	EndGlobalSection
	GlobalSection(ExtensibilityGlobals) = postSolution
		SolutionGuid = {BE4150E3-E087-4647-A604-A989613A017A}
	EndGlobalSection
EndGlobal
